# This file is generated by running "yarn install" inside your project.
# Manual changes might be lost - proceed with caution!

__metadata:
  version: 8
  cacheKey: 10c0

"@types/node@npm:^20.12.7":
  version: 20.14.15
  resolution: "@types/node@npm:20.14.15"
  dependencies:
    undici-types: "npm:~5.26.4"
  checksum: 10c0/093713db52dc544f3931a3dec9d7d8ef661f323e57becd083a7918c778cef1eb6ec32d1017bf5ade06bb06dc5c7551f4f4d749a14e40868cce44d51e54acd8ed
  languageName: node
  linkType: hard

"pulumi-bug-report@workspace:.":
  version: 0.0.0-use.local
  resolution: "pulumi-bug-report@workspace:."
  dependencies:
    "@types/node": "npm:^20.12.7"
    typescript: "npm:^5.5.4"
  languageName: unknown
  linkType: soft

"typescript@npm:^5.5.4":
  version: 5.5.4
  resolution: "typescript@npm:5.5.4"
  bin:
    tsc: bin/tsc
    tsserver: bin/tsserver
  checksum: 10c0/422be60f89e661eab29ac488c974b6cc0a660fb2228003b297c3d10c32c90f3bcffc1009b43876a082515a3c376b1eefcce823d6e78982e6878408b9a923199c
  languageName: node
  linkType: hard

"typescript@patch:typescript@npm%3A^5.5.4#optional!builtin<compat/typescript>":
  version: 5.5.4
  resolution: "typescript@patch:typescript@npm%3A5.5.4#optional!builtin<compat/typescript>::version=5.5.4&hash=5adc0c"
  bin:
    tsc: bin/tsc
    tsserver: bin/tsserver
  checksum: 10c0/10dd9881baba22763de859e8050d6cb6e2db854197495c6f1929b08d1eb2b2b00d0b5d9b0bcee8472f1c3f4a7ef6a5d7ebe0cfd703f853aa5ae465b8404bc1ba
  languageName: node
  linkType: hard

"undici-types@npm:~5.26.4":
  version: 5.26.5
  resolution: "undici-types@npm:5.26.5"
  checksum: 10c0/bb673d7876c2d411b6eb6c560e0c571eef4a01c1c19925175d16e3a30c4c428181fb8d7ae802a261f283e4166a0ac435e2f505743aa9e45d893f9a3df017b501
  languageName: node
  linkType: hard
